// !$*UTF8*$!
{
	archiveVersion = 1;
	classes = {
	};
	objectVersion = 50;
	objects = {

/* Begin PBXBuildFile section */
		FF04FBB0226AB8A50061AD07 /* AppDelegate.swift in Sources */ = {isa = PBXBuildFile; fileRef = FF04FBAF226AB8A50061AD07 /* AppDelegate.swift */; };
		FF04FBB5226AB8A50061AD07 /* Main.storyboard in Resources */ = {isa = PBXBuildFile; fileRef = FF04FBB3226AB8A50061AD07 /* Main.storyboard */; };
		FF04FBB8226AB8A50061AD07 /* WorkoutGo.xcdatamodeld in Sources */ = {isa = PBXBuildFile; fileRef = FF04FBB6226AB8A50061AD07 /* WorkoutGo.xcdatamodeld */; };
		FF04FBBA226AB8A70061AD07 /* Assets.xcassets in Resources */ = {isa = PBXBuildFile; fileRef = FF04FBB9226AB8A70061AD07 /* Assets.xcassets */; };
		FF04FBBD226AB8A70061AD07 /* LaunchScreen.storyboard in Resources */ = {isa = PBXBuildFile; fileRef = FF04FBBB226AB8A70061AD07 /* LaunchScreen.storyboard */; };
		FF04FBE6226BFA270061AD07 /* WorkoutProgram.swift in Sources */ = {isa = PBXBuildFile; fileRef = FF04FBE5226BFA270061AD07 /* WorkoutProgram.swift */; };
		FF04FBE8226BFA310061AD07 /* Workout.swift in Sources */ = {isa = PBXBuildFile; fileRef = FF04FBE7226BFA310061AD07 /* Workout.swift */; };
		FF04FBEA226BFA380061AD07 /* Exercise.swift in Sources */ = {isa = PBXBuildFile; fileRef = FF04FBE9226BFA380061AD07 /* Exercise.swift */; };
		FF04FBF0226BFB1B0061AD07 /* WorkoutProgramTableViewController.swift in Sources */ = {isa = PBXBuildFile; fileRef = FF04FBEF226BFB1B0061AD07 /* WorkoutProgramTableViewController.swift */; };
		FF04FBF2226C1BBF0061AD07 /* WorkoutProgramTableViewCell.swift in Sources */ = {isa = PBXBuildFile; fileRef = FF04FBF1226C1BBF0061AD07 /* WorkoutProgramTableViewCell.swift */; };
		FF27861723629AFD004F2B1D /* Add_Edit_WorkoutExercise_ViewController.swift in Sources */ = {isa = PBXBuildFile; fileRef = FF27861623629AFD004F2B1D /* Add_Edit_WorkoutExercise_ViewController.swift */; };
		FF6B01CF2408AE5C00704C7C /* SampleWorkouts.json in Resources */ = {isa = PBXBuildFile; fileRef = FF6B01CE2408AE5C00704C7C /* SampleWorkouts.json */; };
		FF6B01D22408B57200704C7C /* SampleWorkout.swift in Sources */ = {isa = PBXBuildFile; fileRef = FF6B01D12408B57200704C7C /* SampleWorkout.swift */; };
		FF7F01CE228E4F1A001ABDAE /* ExerciseContainerView.swift in Sources */ = {isa = PBXBuildFile; fileRef = FF7F01CD228E4F1A001ABDAE /* ExerciseContainerView.swift */; };
		FF8E097A234A33550019F852 /* ExerciseCardView.xib in Resources */ = {isa = PBXBuildFile; fileRef = FF8E0979234A33550019F852 /* ExerciseCardView.xib */; };
		FF8E097C234A342F0019F852 /* ExerciseCardView.swift in Sources */ = {isa = PBXBuildFile; fileRef = FF8E097B234A342F0019F852 /* ExerciseCardView.swift */; };
		FF8E097E234A38430019F852 /* ExerciseCardViewContainer.swift in Sources */ = {isa = PBXBuildFile; fileRef = FF8E097D234A38430019F852 /* ExerciseCardViewContainer.swift */; };
		FF9C430A22851B900058A6E6 /* RoundedButtton.swift in Sources */ = {isa = PBXBuildFile; fileRef = FF9C430922851B900058A6E6 /* RoundedButtton.swift */; };
		FFA1D8E923F97D6D00DFCE03 /* StartWorkoutTransitionAnimator.swift in Sources */ = {isa = PBXBuildFile; fileRef = FFA1D8E823F97D6D00DFCE03 /* StartWorkoutTransitionAnimator.swift */; };
		FFC13C48226FEB5600F396F1 /* WorkoutTableViewController.swift in Sources */ = {isa = PBXBuildFile; fileRef = FFC13C47226FEB5600F396F1 /* WorkoutTableViewController.swift */; };
		FFC13C4A226FEB7200F396F1 /* WorkoutTableViewCell.swift in Sources */ = {isa = PBXBuildFile; fileRef = FFC13C49226FEB7200F396F1 /* WorkoutTableViewCell.swift */; };
		FFC13C4D2271579D00F396F1 /* ExerciseViewController.swift in Sources */ = {isa = PBXBuildFile; fileRef = FFC13C4C2271579D00F396F1 /* ExerciseViewController.swift */; };
		FFC13C4F2271667E00F396F1 /* ExerciseTableViewCell.swift in Sources */ = {isa = PBXBuildFile; fileRef = FFC13C4E2271667E00F396F1 /* ExerciseTableViewCell.swift */; };
		FFC13C522275463C00F396F1 /* RunningWorkoutViewController.swift in Sources */ = {isa = PBXBuildFile; fileRef = FFC13C512275463C00F396F1 /* RunningWorkoutViewController.swift */; };
/* End PBXBuildFile section */

/* Begin PBXFileReference section */
		FF04FBAC226AB8A50061AD07 /* WorkoutGo.app */ = {isa = PBXFileReference; explicitFileType = wrapper.application; includeInIndex = 0; path = WorkoutGo.app; sourceTree = BUILT_PRODUCTS_DIR; };
		FF04FBAF226AB8A50061AD07 /* AppDelegate.swift */ = {isa = PBXFileReference; lastKnownFileType = sourcecode.swift; path = AppDelegate.swift; sourceTree = "<group>"; };
		FF04FBB4226AB8A50061AD07 /* Base */ = {isa = PBXFileReference; lastKnownFileType = file.storyboard; name = Base; path = Base.lproj/Main.storyboard; sourceTree = "<group>"; };
		FF04FBB7226AB8A50061AD07 /* WorkoutGo.xcdatamodel */ = {isa = PBXFileReference; lastKnownFileType = wrapper.xcdatamodel; path = WorkoutGo.xcdatamodel; sourceTree = "<group>"; };
		FF04FBB9226AB8A70061AD07 /* Assets.xcassets */ = {isa = PBXFileReference; lastKnownFileType = folder.assetcatalog; path = Assets.xcassets; sourceTree = "<group>"; };
		FF04FBBC226AB8A70061AD07 /* Base */ = {isa = PBXFileReference; lastKnownFileType = file.storyboard; name = Base; path = Base.lproj/LaunchScreen.storyboard; sourceTree = "<group>"; };
		FF04FBBE226AB8A70061AD07 /* Info.plist */ = {isa = PBXFileReference; lastKnownFileType = text.plist.xml; path = Info.plist; sourceTree = "<group>"; };
		FF04FBE5226BFA270061AD07 /* WorkoutProgram.swift */ = {isa = PBXFileReference; lastKnownFileType = sourcecode.swift; path = WorkoutProgram.swift; sourceTree = "<group>"; };
		FF04FBE7226BFA310061AD07 /* Workout.swift */ = {isa = PBXFileReference; lastKnownFileType = sourcecode.swift; path = Workout.swift; sourceTree = "<group>"; };
		FF04FBE9226BFA380061AD07 /* Exercise.swift */ = {isa = PBXFileReference; lastKnownFileType = sourcecode.swift; path = Exercise.swift; sourceTree = "<group>"; };
		FF04FBEF226BFB1B0061AD07 /* WorkoutProgramTableViewController.swift */ = {isa = PBXFileReference; lastKnownFileType = sourcecode.swift; path = WorkoutProgramTableViewController.swift; sourceTree = "<group>"; };
		FF04FBF1226C1BBF0061AD07 /* WorkoutProgramTableViewCell.swift */ = {isa = PBXFileReference; lastKnownFileType = sourcecode.swift; path = WorkoutProgramTableViewCell.swift; sourceTree = "<group>"; };
		FF27861623629AFD004F2B1D /* Add_Edit_WorkoutExercise_ViewController.swift */ = {isa = PBXFileReference; lastKnownFileType = sourcecode.swift; path = Add_Edit_WorkoutExercise_ViewController.swift; sourceTree = "<group>"; };
		FF6B01CE2408AE5C00704C7C /* SampleWorkouts.json */ = {isa = PBXFileReference; lastKnownFileType = text.json; path = SampleWorkouts.json; sourceTree = "<group>"; };
		FF6B01D12408B57200704C7C /* SampleWorkout.swift */ = {isa = PBXFileReference; lastKnownFileType = sourcecode.swift; path = SampleWorkout.swift; sourceTree = "<group>"; };
		FF6B01DE240BEB1F00704C7C /* NoWorkouts.png */ = {isa = PBXFileReference; lastKnownFileType = image.png; path = NoWorkouts.png; sourceTree = "<group>"; };
		FF6B01DF240BEB1F00704C7C /* Transition_SlowMotion.gif */ = {isa = PBXFileReference; lastKnownFileType = image.gif; path = Transition_SlowMotion.gif; sourceTree = "<group>"; };
		FF6B01E0240BEB1F00704C7C /* WorkoutList.png */ = {isa = PBXFileReference; lastKnownFileType = image.png; path = WorkoutList.png; sourceTree = "<group>"; };
		FF6B01E1240BEB1F00704C7C /* ExerciseList.png */ = {isa = PBXFileReference; lastKnownFileType = image.png; path = ExerciseList.png; sourceTree = "<group>"; };
		FF6B01E3240BEB1F00704C7C /* Running_Play.png */ = {isa = PBXFileReference; lastKnownFileType = image.png; path = Running_Play.png; sourceTree = "<group>"; };
		FF6B01E4240BEB1F00704C7C /* Running_Pause.png */ = {isa = PBXFileReference; lastKnownFileType = image.png; path = Running_Pause.png; sourceTree = "<group>"; };
		FF6B01E5240BEB1F00704C7C /* ExerciseStart_Operations.gif */ = {isa = PBXFileReference; lastKnownFileType = image.gif; path = ExerciseStart_Operations.gif; sourceTree = "<group>"; };
		FF6B01E6240BEB1F00704C7C /* SelectWorkouts_ChangeStartPoint.gif */ = {isa = PBXFileReference; lastKnownFileType = image.gif; path = SelectWorkouts_ChangeStartPoint.gif; sourceTree = "<group>"; };
		FF6B01E7240BEB1F00704C7C /* AddExercise.png */ = {isa = PBXFileReference; lastKnownFileType = image.png; path = AddExercise.png; sourceTree = "<group>"; };
		FF7F01CD228E4F1A001ABDAE /* ExerciseContainerView.swift */ = {isa = PBXFileReference; lastKnownFileType = sourcecode.swift; path = ExerciseContainerView.swift; sourceTree = "<group>"; };
		FF8E0979234A33550019F852 /* ExerciseCardView.xib */ = {isa = PBXFileReference; lastKnownFileType = file.xib; path = ExerciseCardView.xib; sourceTree = "<group>"; };
		FF8E097B234A342F0019F852 /* ExerciseCardView.swift */ = {isa = PBXFileReference; lastKnownFileType = sourcecode.swift; path = ExerciseCardView.swift; sourceTree = "<group>"; };
		FF8E097D234A38430019F852 /* ExerciseCardViewContainer.swift */ = {isa = PBXFileReference; lastKnownFileType = sourcecode.swift; path = ExerciseCardViewContainer.swift; sourceTree = "<group>"; };
		FF9C430922851B900058A6E6 /* RoundedButtton.swift */ = {isa = PBXFileReference; lastKnownFileType = sourcecode.swift; path = RoundedButtton.swift; sourceTree = "<group>"; };
		FFA1D8E523F6919800DFCE03 /* README.md */ = {isa = PBXFileReference; lastKnownFileType = net.daringfireball.markdown; path = README.md; sourceTree = "<group>"; };
		FFA1D8E823F97D6D00DFCE03 /* StartWorkoutTransitionAnimator.swift */ = {isa = PBXFileReference; lastKnownFileType = sourcecode.swift; path = StartWorkoutTransitionAnimator.swift; sourceTree = "<group>"; };
		FFC13C47226FEB5600F396F1 /* WorkoutTableViewController.swift */ = {isa = PBXFileReference; lastKnownFileType = sourcecode.swift; path = WorkoutTableViewController.swift; sourceTree = "<group>"; };
		FFC13C49226FEB7200F396F1 /* WorkoutTableViewCell.swift */ = {isa = PBXFileReference; lastKnownFileType = sourcecode.swift; path = WorkoutTableViewCell.swift; sourceTree = "<group>"; };
		FFC13C4C2271579D00F396F1 /* ExerciseViewController.swift */ = {isa = PBXFileReference; lastKnownFileType = sourcecode.swift; path = ExerciseViewController.swift; sourceTree = "<group>"; };
		FFC13C4E2271667E00F396F1 /* ExerciseTableViewCell.swift */ = {isa = PBXFileReference; lastKnownFileType = sourcecode.swift; path = ExerciseTableViewCell.swift; sourceTree = "<group>"; };
		FFC13C512275463C00F396F1 /* RunningWorkoutViewController.swift */ = {isa = PBXFileReference; lastKnownFileType = sourcecode.swift; path = RunningWorkoutViewController.swift; sourceTree = "<group>"; };
/* End PBXFileReference section */

/* Begin PBXFrameworksBuildPhase section */
		FF04FBA9226AB8A50061AD07 /* Frameworks */ = {
			isa = PBXFrameworksBuildPhase;
			buildActionMask = 2147483647;
			files = (
			);
			runOnlyForDeploymentPostprocessing = 0;
		};
/* End PBXFrameworksBuildPhase section */

/* Begin PBXGroup section */
		FF04FBA3226AB8A50061AD07 = {
			isa = PBXGroup;
			children = (
				FFA1D8E523F6919800DFCE03 /* README.md */,
				FF6B01D3240BE9E600704C7C /* ScreenCaptures */,
				FF04FBAE226AB8A50061AD07 /* WorkoutGo */,
				FF04FBAD226AB8A50061AD07 /* Products */,
			);
			sourceTree = "<group>";
		};
		FF04FBAD226AB8A50061AD07 /* Products */ = {
			isa = PBXGroup;
			children = (
				FF04FBAC226AB8A50061AD07 /* WorkoutGo.app */,
			);
			name = Products;
			sourceTree = "<group>";
		};
		FF04FBAE226AB8A50061AD07 /* WorkoutGo */ = {
			isa = PBXGroup;
			children = (
				FF04FBB3226AB8A50061AD07 /* Main.storyboard */,
				FF27861623629AFD004F2B1D /* Add_Edit_WorkoutExercise_ViewController.swift */,
				FF9C430922851B900058A6E6 /* RoundedButtton.swift */,
				FF04FBF3226C1BC80061AD07 /* WorkoutProgram TVC */,
				FFC13C4B226FEB7900F396F1 /* Workout TVC */,
				FFC13C50227166D400F396F1 /* Exercise VC */,
				FFC13C542275468B00F396F1 /* Running Workout VC */,
				FF04FBEC226BFAA50061AD07 /* Core data files */,
				FF6B01D02408B52900704C7C /* SampleWorkouts */,
				FF04FBEB226BFA8B0061AD07 /* Supporting files */,
				FF04FBBE226AB8A70061AD07 /* Info.plist */,
			);
			path = WorkoutGo;
			sourceTree = "<group>";
		};
		FF04FBEB226BFA8B0061AD07 /* Supporting files */ = {
			isa = PBXGroup;
			children = (
				FF04FBAF226AB8A50061AD07 /* AppDelegate.swift */,
				FF04FBB9226AB8A70061AD07 /* Assets.xcassets */,
				FF04FBBB226AB8A70061AD07 /* LaunchScreen.storyboard */,
			);
			path = "Supporting files";
			sourceTree = "<group>";
		};
		FF04FBEC226BFAA50061AD07 /* Core data files */ = {
			isa = PBXGroup;
			children = (
				FF04FBE5226BFA270061AD07 /* WorkoutProgram.swift */,
				FF04FBE7226BFA310061AD07 /* Workout.swift */,
				FF04FBE9226BFA380061AD07 /* Exercise.swift */,
				FF04FBB6226AB8A50061AD07 /* WorkoutGo.xcdatamodeld */,
			);
			path = "Core data files";
			sourceTree = "<group>";
		};
		FF04FBF3226C1BC80061AD07 /* WorkoutProgram TVC */ = {
			isa = PBXGroup;
			children = (
				FF04FBEF226BFB1B0061AD07 /* WorkoutProgramTableViewController.swift */,
				FF04FBF1226C1BBF0061AD07 /* WorkoutProgramTableViewCell.swift */,
			);
			path = "WorkoutProgram TVC";
			sourceTree = "<group>";
		};
		FF6B01D02408B52900704C7C /* SampleWorkouts */ = {
			isa = PBXGroup;
			children = (
				FF6B01CE2408AE5C00704C7C /* SampleWorkouts.json */,
				FF6B01D12408B57200704C7C /* SampleWorkout.swift */,
			);
			path = SampleWorkouts;
			sourceTree = "<group>";
		};
		FF6B01D3240BE9E600704C7C /* ScreenCaptures */ = {
			isa = PBXGroup;
			children = (
				FF6B01DE240BEB1F00704C7C /* NoWorkouts.png */,
				FF6B01E0240BEB1F00704C7C /* WorkoutList.png */,
				FF6B01E7240BEB1F00704C7C /* AddExercise.png */,
				FF6B01E1240BEB1F00704C7C /* ExerciseList.png */,
				FF6B01E4240BEB1F00704C7C /* Running_Pause.png */,
				FF6B01E3240BEB1F00704C7C /* Running_Play.png */,
				FF6B01E6240BEB1F00704C7C /* SelectWorkouts_ChangeStartPoint.gif */,
				FF6B01E5240BEB1F00704C7C /* ExerciseStart_Operations.gif */,
				FF6B01DF240BEB1F00704C7C /* Transition_SlowMotion.gif */,
			);
			path = ScreenCaptures;
			sourceTree = "<group>";
		};
		FFC13C4B226FEB7900F396F1 /* Workout TVC */ = {
			isa = PBXGroup;
			children = (
				FFC13C47226FEB5600F396F1 /* WorkoutTableViewController.swift */,
				FFC13C49226FEB7200F396F1 /* WorkoutTableViewCell.swift */,
			);
			path = "Workout TVC";
			sourceTree = "<group>";
		};
		FFC13C50227166D400F396F1 /* Exercise VC */ = {
			isa = PBXGroup;
			children = (
				FFC13C4C2271579D00F396F1 /* ExerciseViewController.swift */,
				FFC13C4E2271667E00F396F1 /* ExerciseTableViewCell.swift */,
				FFA1D8E823F97D6D00DFCE03 /* StartWorkoutTransitionAnimator.swift */,
			);
			path = "Exercise VC";
			sourceTree = "<group>";
		};
		FFC13C542275468B00F396F1 /* Running Workout VC */ = {
			isa = PBXGroup;
			children = (
				FF8E0979234A33550019F852 /* ExerciseCardView.xib */,
				FF8E097B234A342F0019F852 /* ExerciseCardView.swift */,
				FF8E097D234A38430019F852 /* ExerciseCardViewContainer.swift */,
				FFC13C512275463C00F396F1 /* RunningWorkoutViewController.swift */,
				FF7F01CD228E4F1A001ABDAE /* ExerciseContainerView.swift */,
			);
			path = "Running Workout VC";
			sourceTree = "<group>";
		};
/* End PBXGroup section */

/* Begin PBXNativeTarget section */
		FF04FBAB226AB8A50061AD07 /* WorkoutGo */ = {
			isa = PBXNativeTarget;
			buildConfigurationList = FF04FBC1226AB8A70061AD07 /* Build configuration list for PBXNativeTarget "WorkoutGo" */;
			buildPhases = (
				FF04FBA8226AB8A50061AD07 /* Sources */,
				FF04FBA9226AB8A50061AD07 /* Frameworks */,
				FF04FBAA226AB8A50061AD07 /* Resources */,
			);
			buildRules = (
			);
			dependencies = (
			);
			name = WorkoutGo;
			productName = WorkoutGo;
			productReference = FF04FBAC226AB8A50061AD07 /* WorkoutGo.app */;
			productType = "com.apple.product-type.application";
		};
/* End PBXNativeTarget section */

/* Begin PBXProject section */
		FF04FBA4226AB8A50061AD07 /* Project object */ = {
			isa = PBXProject;
			attributes = {
				LastSwiftUpdateCheck = 1020;
				LastUpgradeCheck = 1020;
				ORGANIZATIONNAME = "Ashish Bansal";
				TargetAttributes = {
					FF04FBAB226AB8A50061AD07 = {
						CreatedOnToolsVersion = 10.2.1;
					};
				};
			};
			buildConfigurationList = FF04FBA7226AB8A50061AD07 /* Build configuration list for PBXProject "WorkoutGo" */;
			compatibilityVersion = "Xcode 9.3";
			developmentRegion = en;
			hasScannedForEncodings = 0;
			knownRegions = (
				en,
				Base,
			);
			mainGroup = FF04FBA3226AB8A50061AD07;
			productRefGroup = FF04FBAD226AB8A50061AD07 /* Products */;
			projectDirPath = "";
			projectRoot = "";
			targets = (
				FF04FBAB226AB8A50061AD07 /* WorkoutGo */,
			);
		};
/* End PBXProject section */

/* Begin PBXResourcesBuildPhase section */
		FF04FBAA226AB8A50061AD07 /* Resources */ = {
			isa = PBXResourcesBuildPhase;
			buildActionMask = 2147483647;
			files = (
				FF04FBBD226AB8A70061AD07 /* LaunchScreen.storyboard in Resources */,
				FF04FBBA226AB8A70061AD07 /* Assets.xcassets in Resources */,
				FF8E097A234A33550019F852 /* ExerciseCardView.xib in Resources */,
				FF6B01CF2408AE5C00704C7C /* SampleWorkouts.json in Resources */,
				FF04FBB5226AB8A50061AD07 /* Main.storyboard in Resources */,
			);
			runOnlyForDeploymentPostprocessing = 0;
		};
/* End PBXResourcesBuildPhase section */

/* Begin PBXSourcesBuildPhase section */
		FF04FBA8226AB8A50061AD07 /* Sources */ = {
			isa = PBXSourcesBuildPhase;
			buildActionMask = 2147483647;
			files = (
				FF04FBB8226AB8A50061AD07 /* WorkoutGo.xcdatamodeld in Sources */,
				FF27861723629AFD004F2B1D /* Add_Edit_WorkoutExercise_ViewController.swift in Sources */,
				FF04FBE6226BFA270061AD07 /* WorkoutProgram.swift in Sources */,
				FFC13C4F2271667E00F396F1 /* ExerciseTableViewCell.swift in Sources */,
				FFC13C48226FEB5600F396F1 /* WorkoutTableViewController.swift in Sources */,
				FF04FBE8226BFA310061AD07 /* Workout.swift in Sources */,
				FF9C430A22851B900058A6E6 /* RoundedButtton.swift in Sources */,
				FF04FBB0226AB8A50061AD07 /* AppDelegate.swift in Sources */,
				FFA1D8E923F97D6D00DFCE03 /* StartWorkoutTransitionAnimator.swift in Sources */,
				FF04FBF2226C1BBF0061AD07 /* WorkoutProgramTableViewCell.swift in Sources */,
				FFC13C4D2271579D00F396F1 /* ExerciseViewController.swift in Sources */,
				FFC13C522275463C00F396F1 /* RunningWorkoutViewController.swift in Sources */,
				FF8E097E234A38430019F852 /* ExerciseCardViewContainer.swift in Sources */,
				FF04FBF0226BFB1B0061AD07 /* WorkoutProgramTableViewController.swift in Sources */,
				FF8E097C234A342F0019F852 /* ExerciseCardView.swift in Sources */,
				FFC13C4A226FEB7200F396F1 /* WorkoutTableViewCell.swift in Sources */,
				FF7F01CE228E4F1A001ABDAE /* ExerciseContainerView.swift in Sources */,
				FF6B01D22408B57200704C7C /* SampleWorkout.swift in Sources */,
				FF04FBEA226BFA380061AD07 /* Exercise.swift in Sources */,
			);
			runOnlyForDeploymentPostprocessing = 0;
		};
/* End PBXSourcesBuildPhase section */

/* Begin PBXVariantGroup section */
		FF04FBB3226AB8A50061AD07 /* Main.storyboard */ = {
			isa = PBXVariantGroup;
			children = (
				FF04FBB4226AB8A50061AD07 /* Base */,
			);
			name = Main.storyboard;
			sourceTree = "<group>";
		};
		FF04FBBB226AB8A70061AD07 /* LaunchScreen.storyboard */ = {
			isa = PBXVariantGroup;
			children = (
				FF04FBBC226AB8A70061AD07 /* Base */,
			);
			name = LaunchScreen.storyboard;
			sourceTree = "<group>";
		};
/* End PBXVariantGroup section */

/* Begin XCBuildConfiguration section */
		FF04FBBF226AB8A70061AD07 /* Debug */ = {
			isa = XCBuildConfiguration;
			buildSettings = {
				ALWAYS_SEARCH_USER_PATHS = NO;
				CLANG_ANALYZER_NONNULL = YES;
				CLANG_ANALYZER_NUMBER_OBJECT_CONVERSION = YES_AGGRESSIVE;
				CLANG_CXX_LANGUAGE_STANDARD = "gnu++14";
				CLANG_CXX_LIBRARY = "libc++";
				CLANG_ENABLE_MODULES = YES;
				CLANG_ENABLE_OBJC_ARC = YES;
				CLANG_ENABLE_OBJC_WEAK = YES;
				CLANG_WARN_BLOCK_CAPTURE_AUTORELEASING = YES;
				CLANG_WARN_BOOL_CONVERSION = YES;
				CLANG_WARN_COMMA = YES;
				CLANG_WARN_CONSTANT_CONVERSION = YES;
				CLANG_WARN_DEPRECATED_OBJC_IMPLEMENTATIONS = YES;
				CLANG_WARN_DIRECT_OBJC_ISA_USAGE = YES_ERROR;
				CLANG_WARN_DOCUMENTATION_COMMENTS = YES;
				CLANG_WARN_EMPTY_BODY = YES;
				CLANG_WARN_ENUM_CONVERSION = YES;
				CLANG_WARN_INFINITE_RECURSION = YES;
				CLANG_WARN_INT_CONVERSION = YES;
				CLANG_WARN_NON_LITERAL_NULL_CONVERSION = YES;
				CLANG_WARN_OBJC_IMPLICIT_RETAIN_SELF = YES;
				CLANG_WARN_OBJC_LITERAL_CONVERSION = YES;
				CLANG_WARN_OBJC_ROOT_CLASS = YES_ERROR;
				CLANG_WARN_RANGE_LOOP_ANALYSIS = YES;
				CLANG_WARN_STRICT_PROTOTYPES = YES;
				CLANG_WARN_SUSPICIOUS_MOVE = YES;
				CLANG_WARN_UNGUARDED_AVAILABILITY = YES_AGGRESSIVE;
				CLANG_WARN_UNREACHABLE_CODE = YES;
				CLANG_WARN__DUPLICATE_METHOD_MATCH = YES;
				CODE_SIGN_IDENTITY = "iPhone Developer";
				COPY_PHASE_STRIP = NO;
				DEBUG_INFORMATION_FORMAT = dwarf;
				ENABLE_STRICT_OBJC_MSGSEND = YES;
				ENABLE_TESTABILITY = YES;
				GCC_C_LANGUAGE_STANDARD = gnu11;
				GCC_DYNAMIC_NO_PIC = NO;
				GCC_NO_COMMON_BLOCKS = YES;
				GCC_OPTIMIZATION_LEVEL = 0;
				GCC_PREPROCESSOR_DEFINITIONS = (
					"DEBUG=1",
					"$(inherited)",
				);
				GCC_WARN_64_TO_32_BIT_CONVERSION = YES;
				GCC_WARN_ABOUT_RETURN_TYPE = YES_ERROR;
				GCC_WARN_UNDECLARED_SELECTOR = YES;
				GCC_WARN_UNINITIALIZED_AUTOS = YES_AGGRESSIVE;
				GCC_WARN_UNUSED_FUNCTION = YES;
				GCC_WARN_UNUSED_VARIABLE = YES;
				IPHONEOS_DEPLOYMENT_TARGET = 12.2;
				MTL_ENABLE_DEBUG_INFO = INCLUDE_SOURCE;
				MTL_FAST_MATH = YES;
				ONLY_ACTIVE_ARCH = YES;
				SDKROOT = iphoneos;
				SWIFT_ACTIVE_COMPILATION_CONDITIONS = DEBUG;
				SWIFT_OPTIMIZATION_LEVEL = "-Onone";
			};
			name = Debug;
		};
		FF04FBC0226AB8A70061AD07 /* Release */ = {
			isa = XCBuildConfiguration;
			buildSettings = {
				ALWAYS_SEARCH_USER_PATHS = NO;
				CLANG_ANALYZER_NONNULL = YES;
				CLANG_ANALYZER_NUMBER_OBJECT_CONVERSION = YES_AGGRESSIVE;
				CLANG_CXX_LANGUAGE_STANDARD = "gnu++14";
				CLANG_CXX_LIBRARY = "libc++";
				CLANG_ENABLE_MODULES = YES;
				CLANG_ENABLE_OBJC_ARC = YES;
				CLANG_ENABLE_OBJC_WEAK = YES;
				CLANG_WARN_BLOCK_CAPTURE_AUTORELEASING = YES;
				CLANG_WARN_BOOL_CONVERSION = YES;
				CLANG_WARN_COMMA = YES;
				CLANG_WARN_CONSTANT_CONVERSION = YES;
				CLANG_WARN_DEPRECATED_OBJC_IMPLEMENTATIONS = YES;
				CLANG_WARN_DIRECT_OBJC_ISA_USAGE = YES_ERROR;
				CLANG_WARN_DOCUMENTATION_COMMENTS = YES;
				CLANG_WARN_EMPTY_BODY = YES;
				CLANG_WARN_ENUM_CONVERSION = YES;
				CLANG_WARN_INFINITE_RECURSION = YES;
				CLANG_WARN_INT_CONVERSION = YES;
				CLANG_WARN_NON_LITERAL_NULL_CONVERSION = YES;
				CLANG_WARN_OBJC_IMPLICIT_RETAIN_SELF = YES;
				CLANG_WARN_OBJC_LITERAL_CONVERSION = YES;
				CLANG_WARN_OBJC_ROOT_CLASS = YES_ERROR;
				CLANG_WARN_RANGE_LOOP_ANALYSIS = YES;
				CLANG_WARN_STRICT_PROTOTYPES = YES;
				CLANG_WARN_SUSPICIOUS_MOVE = YES;
				CLANG_WARN_UNGUARDED_AVAILABILITY = YES_AGGRESSIVE;
				CLANG_WARN_UNREACHABLE_CODE = YES;
				CLANG_WARN__DUPLICATE_METHOD_MATCH = YES;
				CODE_SIGN_IDENTITY = "iPhone Developer";
				COPY_PHASE_STRIP = NO;
				DEBUG_INFORMATION_FORMAT = "dwarf-with-dsym";
				ENABLE_NS_ASSERTIONS = NO;
				ENABLE_STRICT_OBJC_MSGSEND = YES;
				GCC_C_LANGUAGE_STANDARD = gnu11;
				GCC_NO_COMMON_BLOCKS = YES;
				GCC_WARN_64_TO_32_BIT_CONVERSION = YES;
				GCC_WARN_ABOUT_RETURN_TYPE = YES_ERROR;
				GCC_WARN_UNDECLARED_SELECTOR = YES;
				GCC_WARN_UNINITIALIZED_AUTOS = YES_AGGRESSIVE;
				GCC_WARN_UNUSED_FUNCTION = YES;
				GCC_WARN_UNUSED_VARIABLE = YES;
				IPHONEOS_DEPLOYMENT_TARGET = 12.2;
				MTL_ENABLE_DEBUG_INFO = NO;
				MTL_FAST_MATH = YES;
				SDKROOT = iphoneos;
				SWIFT_COMPILATION_MODE = wholemodule;
				SWIFT_OPTIMIZATION_LEVEL = "-O";
				VALIDATE_PRODUCT = YES;
			};
			name = Release;
		};
		FF04FBC2226AB8A70061AD07 /* Debug */ = {
			isa = XCBuildConfiguration;
			buildSettings = {
				ASSETCATALOG_COMPILER_APPICON_NAME = AppIcon;
				CODE_SIGN_STYLE = Automatic;
				INFOPLIST_FILE = WorkoutGo/Info.plist;
				IPHONEOS_DEPLOYMENT_TARGET = 13.0;
				LD_RUNPATH_SEARCH_PATHS = (
					"$(inherited)",
					"@executable_path/Frameworks",
				);
				PRODUCT_BUNDLE_IDENTIFIER = AshishBansal.WorkoutGo;
				PRODUCT_NAME = "$(TARGET_NAME)";
				SWIFT_VERSION = 5.0;
				TARGETED_DEVICE_FAMILY = "1,2";
			};
			name = Debug;
		};
		FF04FBC3226AB8A70061AD07 /* Release */ = {
			isa = XCBuildConfiguration;
			buildSettings = {
				ASSETCATALOG_COMPILER_APPICON_NAME = AppIcon;
				CODE_SIGN_STYLE = Automatic;
				INFOPLIST_FILE = WorkoutGo/Info.plist;
				IPHONEOS_DEPLOYMENT_TARGET = 13.0;
				LD_RUNPATH_SEARCH_PATHS = (
					"$(inherited)",
					"@executable_path/Frameworks",
				);
				PRODUCT_BUNDLE_IDENTIFIER = AshishBansal.WorkoutGo;
				PRODUCT_NAME = "$(TARGET_NAME)";
				SWIFT_VERSION = 5.0;
				TARGETED_DEVICE_FAMILY = "1,2";
			};
			name = Release;
		};
/* End XCBuildConfiguration section */

/* Begin XCConfigurationList section */
		FF04FBA7226AB8A50061AD07 /* Build configuration list for PBXProject "WorkoutGo" */ = {
			isa = XCConfigurationList;
			buildConfigurations = (
				FF04FBBF226AB8A70061AD07 /* Debug */,
				FF04FBC0226AB8A70061AD07 /* Release */,
			);
			defaultConfigurationIsVisible = 0;
			defaultConfigurationName = Release;
		};
		FF04FBC1226AB8A70061AD07 /* Build configuration list for PBXNativeTarget "WorkoutGo" */ = {
			isa = XCConfigurationList;
			buildConfigurations = (
				FF04FBC2226AB8A70061AD07 /* Debug */,
				FF04FBC3226AB8A70061AD07 /* Release */,
			);
			defaultConfigurationIsVisible = 0;
			defaultConfigurationName = Release;
		};
/* End XCConfigurationList section */

/* Begin XCVersionGroup section */
		FF04FBB6226AB8A50061AD07 /* WorkoutGo.xcdatamodeld */ = {
			isa = XCVersionGroup;
			children = (
				FF04FBB7226AB8A50061AD07 /* WorkoutGo.xcdatamodel */,
			);
			currentVersion = FF04FBB7226AB8A50061AD07 /* WorkoutGo.xcdatamodel */;
			path = WorkoutGo.xcdatamodeld;
			sourceTree = "<group>";
			versionGroupType = wrapper.xcdatamodel;
		};
/* End XCVersionGroup section */
	};
	rootObject = FF04FBA4226AB8A50061AD07 /* Project object */;
}
